Microsoft Visual Studio Solution File, Format Version 11.00
# Visual Studio 2008

Project("{E4331215-F372-FE6B-AC2F-627CD7201C7A}") = "VRMultiplayer", "Assembly-CSharp-firstpass.csproj", "{D7BF3623-C99F-80FA-7D29-CE1FADEBA218}"
EndProject
Project("{E4331215-F372-FE6B-AC2F-627CD7201C7A}") = "VRMultiplayer", "Assembly-CSharp.csproj", "{22D860D3-0449-8E49-A7DA-B399A697953C}"
EndProject
Project("{E4331215-F372-FE6B-AC2F-627CD7201C7A}") = "VRMultiplayer", "Assembly-CSharp-Editor.csproj", "{234E2FD2-20A3-08C9-F6A7-500B1522D9C3}"
EndProject
Global
	GlobalSection(SolutionConfigurationPlatforms) = preSolution
		Debug|Any CPU = Debug|Any CPU
		Release|Any CPU = Release|Any CPU
	EndGlobalSection
	GlobalSection(ProjectConfigurationPlatforms) = postSolution
		{D7BF3623-C99F-80FA-7D29-CE1FADEBA218}.Debug|Any CPU.ActiveCfg = Debug|Any CPU
		{D7BF3623-C99F-80FA-7D29-CE1FADEBA218}.Debug|Any CPU.Build.0 = Debug|Any CPU
		{D7BF3623-C99F-80FA-7D29-CE1FADEBA218}.Release|Any CPU.ActiveCfg = Release|Any CPU
		{D7BF3623-C99F-80FA-7D29-CE1FADEBA218}.Release|Any CPU.Build.0 = Release|Any CPU
		{22D860D3-0449-8E49-A7DA-B399A697953C}.Debug|Any CPU.ActiveCfg = Debug|Any CPU
		{22D860D3-0449-8E49-A7DA-B399A697953C}.Debug|Any CPU.Build.0 = Debug|Any CPU
		{22D860D3-0449-8E49-A7DA-B399A697953C}.Release|Any CPU.ActiveCfg = Release|Any CPU
		{22D860D3-0449-8E49-A7DA-B399A697953C}.Release|Any CPU.Build.0 = Release|Any CPU
		{234E2FD2-20A3-08C9-F6A7-500B1522D9C3}.Debug|Any CPU.ActiveCfg = Debug|Any CPU
		{234E2FD2-20A3-08C9-F6A7-500B1522D9C3}.Debug|Any CPU.Build.0 = Debug|Any CPU
		{234E2FD2-20A3-08C9-F6A7-500B1522D9C3}.Release|Any CPU.ActiveCfg = Release|Any CPU
		{234E2FD2-20A3-08C9-F6A7-500B1522D9C3}.Release|Any CPU.Build.0 = Release|Any CPU
	EndGlobalSection
	GlobalSection(SolutionProperties) = preSolution
		HideSolutionNode = FALSE
	EndGlobalSection
	GlobalSection(MonoDevelopProperties) = preSolution
		StartupItem = Assembly-CSharp.csproj
	EndGlobalSection
EndGlobal
